// !$*UTF8*$!
{
	archiveVersion = 1;
	classes = {
	};
	objectVersion = 46;
	objects = {

/* Begin PBXBuildFile section */
		619096AB1BB3294B0038A781 /* AppDelegate.swift in Sources */ = {isa = PBXBuildFile; fileRef = 619096AA1BB3294B0038A781 /* AppDelegate.swift */; };
		619096AD1BB3294B0038A781 /* ViewController.swift in Sources */ = {isa = PBXBuildFile; fileRef = 619096AC1BB3294B0038A781 /* ViewController.swift */; };
		619096B01BB3294B0038A781 /* Main.storyboard in Resources */ = {isa = PBXBuildFile; fileRef = 619096AE1BB3294B0038A781 /* Main.storyboard */; };
		619096B21BB3294B0038A781 /* Assets.xcassets in Resources */ = {isa = PBXBuildFile; fileRef = 619096B11BB3294B0038A781 /* Assets.xcassets */; };
		619096B51BB3294B0038A781 /* LaunchScreen.storyboard in Resources */ = {isa = PBXBuildFile; fileRef = 619096B31BB3294B0038A781 /* LaunchScreen.storyboard */; };
		619096BD1BB329AB0038A781 /* TipCalculatorModel.swift in Sources */ = {isa = PBXBuildFile; fileRef = 619096BC1BB329AB0038A781 /* TipCalculatorModel.swift */; settings = {ASSET_TAGS = (); }; };
		619096BF1BB3372F0038A781 /* README.md in Sources */ = {isa = PBXBuildFile; fileRef = 619096BE1BB3372F0038A781 /* README.md */; settings = {ASSET_TAGS = (); }; };
/* End PBXBuildFile section */

/* Begin PBXFileReference section */
		619096A71BB3294B0038A781 /* TipCalculator.app */ = {isa = PBXFileReference; explicitFileType = wrapper.application; includeInIndex = 0; path = TipCalculator.app; sourceTree = BUILT_PRODUCTS_DIR; };
		619096AA1BB3294B0038A781 /* AppDelegate.swift */ = {isa = PBXFileReference; lastKnownFileType = sourcecode.swift; path = AppDelegate.swift; sourceTree = "<group>"; };
		619096AC1BB3294B0038A781 /* ViewController.swift */ = {isa = PBXFileReference; lastKnownFileType = sourcecode.swift; path = ViewController.swift; sourceTree = "<group>"; };
		619096AF1BB3294B0038A781 /* Base */ = {isa = PBXFileReference; lastKnownFileType = file.storyboard; name = Base; path = Base.lproj/Main.storyboard; sourceTree = "<group>"; };
		619096B11BB3294B0038A781 /* Assets.xcassets */ = {isa = PBXFileReference; lastKnownFileType = folder.assetcatalog; path = Assets.xcassets; sourceTree = "<group>"; };
		619096B41BB3294B0038A781 /* Base */ = {isa = PBXFileReference; lastKnownFileType = file.storyboard; name = Base; path = Base.lproj/LaunchScreen.storyboard; sourceTree = "<group>"; };
		619096B61BB3294B0038A781 /* Info.plist */ = {isa = PBXFileReference; lastKnownFileType = text.plist.xml; path = Info.plist; sourceTree = "<group>"; };
		619096BC1BB329AB0038A781 /* TipCalculatorModel.swift */ = {isa = PBXFileReference; fileEncoding = 4; lastKnownFileType = sourcecode.swift; path = TipCalculatorModel.swift; sourceTree = "<group>"; };
		619096BE1BB3372F0038A781 /* README.md */ = {isa = PBXFileReference; fileEncoding = 4; lastKnownFileType = net.daringfireball.markdown; path = README.md; sourceTree = "<group>"; };
/* End PBXFileReference section */

/* Begin PBXFrameworksBuildPhase section */
		619096A41BB3294B0038A781 /* Frameworks */ = {
			isa = PBXFrameworksBuildPhase;
			buildActionMask = 2147483647;
			files = (
			);
			runOnlyForDeploymentPostprocessing = 0;
		};
/* End PBXFrameworksBuildPhase section */

/* Begin PBXGroup section */
		6190969E1BB3294B0038A781 = {
			isa = PBXGroup;
			children = (
				619096BE1BB3372F0038A781 /* README.md */,
				619096A91BB3294B0038A781 /* TipCalculator */,
				619096A81BB3294B0038A781 /* Products */,
			);
			sourceTree = "<group>";
		};
		619096A81BB3294B0038A781 /* Products */ = {
			isa = PBXGroup;
			children = (
				619096A71BB3294B0038A781 /* TipCalculator.app */,
			);
			name = Products;
			sourceTree = "<group>";
		};
		619096A91BB3294B0038A781 /* TipCalculator */ = {
			isa = PBXGroup;
			children = (
				619096AA1BB3294B0038A781 /* AppDelegate.swift */,
				619096AC1BB3294B0038A781 /* ViewController.swift */,
				619096AE1BB3294B0038A781 /* Main.storyboard */,
				619096B11BB3294B0038A781 /* Assets.xcassets */,
				619096B31BB3294B0038A781 /* LaunchScreen.storyboard */,
				619096B61BB3294B0038A781 /* Info.plist */,
				619096BC1BB329AB0038A781 /* TipCalculatorModel.swift */,
			);
			path = TipCalculator;
			sourceTree = "<group>";
		};
/* End PBXGroup section */

/* Begin PBXNativeTarget section */
		619096A61BB3294B0038A781 /* TipCalculator */ = {
			isa = PBXNativeTarget;
			buildConfigurationList = 619096B91BB3294B0038A781 /* Build configuration list for PBXNativeTarget "TipCalculator" */;
			buildPhases = (
				619096A31BB3294B0038A781 /* Sources */,
				619096A41BB3294B0038A781 /* Frameworks */,
				619096A51BB3294B0038A781 /* Resources */,
			);
			buildRules = (
			);
			dependencies = (
			);
			name = TipCalculator;
			productName = TipCalculator;
			productReference = 619096A71BB3294B0038A781 /* TipCalculator.app */;
			productType = "com.apple.product-type.application";
		};
/* End PBXNativeTarget section */

/* Begin PBXProject section */
		6190969F1BB3294B0038A781 /* Project object */ = {
			isa = PBXProject;
			attributes = {
				LastUpgradeCheck = 0700;
				ORGANIZATIONNAME = "Fabricio Nogueira";
				TargetAttributes = {
					619096A61BB3294B0038A781 = {
						CreatedOnToolsVersion = 7.0;
						DevelopmentTeam = 7W2L6LA635;
					};
				};
			};
			buildConfigurationList = 619096A21BB3294B0038A781 /* Build configuration list for PBXProject "TipCalculator" */;
			compatibilityVersion = "Xcode 3.2";
			developmentRegion = English;
			hasScannedForEncodings = 0;
			knownRegions = (
				en,
				Base,
			);
			mainGroup = 6190969E1BB3294B0038A781;
			productRefGroup = 619096A81BB3294B0038A781 /* Products */;
			projectDirPath = "";
			projectRoot = "";
			targets = (
				619096A61BB3294B0038A781 /* TipCalculator */,
			);
		};
/* End PBXProject section */

/* Begin PBXResourcesBuildPhase section */
		619096A51BB3294B0038A781 /* Resources */ = {
			isa = PBXResourcesBuildPhase;
			buildActionMask = 2147483647;
			files = (
				619096B51BB3294B0038A781 /* LaunchScreen.storyboard in Resources */,
				619096B21BB3294B0038A781 /* Assets.xcassets in Resources */,
				619096B01BB3294B0038A781 /* Main.storyboard in Resources */,
			);
			runOnlyForDeploymentPostprocessing = 0;
		};
/* End PBXResourcesBuildPhase section */

/* Begin PBXSourcesBuildPhase section */
		619096A31BB3294B0038A781 /* Sources */ = {
			isa = PBXSourcesBuildPhase;
			buildActionMask = 2147483647;
			files = (
				619096BD1BB329AB0038A781 /* TipCalculatorModel.swift in Sources */,
				619096AD1BB3294B0038A781 /* ViewController.swift in Sources */,
				619096BF1BB3372F0038A781 /* README.md in Sources */,
				619096AB1BB3294B0038A781 /* AppDelegate.swift in Sources */,
			);
			runOnlyForDeploymentPostprocessing = 0;
		};
/* End PBXSourcesBuildPhase section */

/* Begin PBXVariantGroup section */
		619096AE1BB3294B0038A781 /* Main.storyboard */ = {
			isa = PBXVariantGroup;
			children = (
				619096AF1BB3294B0038A781 /* Base */,
			);
			name = Main.storyboard;
			sourceTree = "<group>";
		};
		619096B31BB3294B0038A781 /* LaunchScreen.storyboard */ = {
			isa = PBXVariantGroup;
			children = (
				619096B41BB3294B0038A781 /* Base */,
			);
			name = LaunchScreen.storyboard;
			sourceTree = "<group>";
		};
/* End PBXVariantGroup section */

/* Begin XCBuildConfiguration section */
		619096B71BB3294B0038A781 /* Debug */ = {
			isa = XCBuildConfiguration;
			buildSettings = {
				ALWAYS_SEARCH_USER_PATHS = NO;
				CLANG_CXX_LANGUAGE_STANDARD = "gnu++0x";
				CLANG_CXX_LIBRARY = "libc++";
				CLANG_ENABLE_MODULES = YES;
				CLANG_ENABLE_OBJC_ARC = YES;
				CLANG_WARN_BOOL_CONVERSION = YES;
				CLANG_WARN_CONSTANT_CONVERSION = YES;
				CLANG_WARN_DIRECT_OBJC_ISA_USAGE = YES_ERROR;
				CLANG_WARN_EMPTY_BODY = YES;
				CLANG_WARN_ENUM_CONVERSION = YES;
				CLANG_WARN_INT_CONVERSION = YES;
				CLANG_WARN_OBJC_ROOT_CLASS = YES_ERROR;
				CLANG_WARN_UNREACHABLE_CODE = YES;
				CLANG_WARN__DUPLICATE_METHOD_MATCH = YES;
				"CODE_SIGN_IDENTITY[sdk=iphoneos*]" = "iPhone Developer";
				COPY_PHASE_STRIP = NO;
				DEBUG_INFORMATION_FORMAT = dwarf;
				ENABLE_STRICT_OBJC_MSGSEND = YES;
				ENABLE_TESTABILITY = YES;
				GCC_C_LANGUAGE_STANDARD = gnu99;
				GCC_DYNAMIC_NO_PIC = NO;
				GCC_NO_COMMON_BLOCKS = YES;
				GCC_OPTIMIZATION_LEVEL = 0;
				GCC_PREPROCESSOR_DEFINITIONS = (
					"DEBUG=1",
					"$(inherited)",
				);
				GCC_WARN_64_TO_32_BIT_CONVERSION = YES;
				GCC_WARN_ABOUT_RETURN_TYPE = YES_ERROR;
				GCC_WARN_UNDECLARED_SELECTOR = YES;
				GCC_WARN_UNINITIALIZED_AUTOS = YES_AGGRESSIVE;
				GCC_WARN_UNUSED_FUNCTION = YES;
				GCC_WARN_UNUSED_VARIABLE = YES;
				IPHONEOS_DEPLOYMENT_TARGET = 9.0;
				MTL_ENABLE_DEBUG_INFO = YES;
				ONLY_ACTIVE_ARCH = YES;
				SDKROOT = iphoneos;
				SWIFT_OPTIMIZATION_LEVEL = "-Onone";
			};
			name = Debug;
		};
		619096B81BB3294B0038A781 /* Release */ = {
			isa = XCBuildConfiguration;
			buildSettings = {
				ALWAYS_SEARCH_USER_PATHS = NO;
				CLANG_CXX_LANGUAGE_STANDARD = "gnu++0x";
				CLANG_CXX_LIBRARY = "libc++";
				CLANG_ENABLE_MODULES = YES;
				CLANG_ENABLE_OBJC_ARC = YES;
				CLANG_WARN_BOOL_CONVERSION = YES;
				CLANG_WARN_CONSTANT_CONVERSION = YES;
				CLANG_WARN_DIRECT_OBJC_ISA_USAGE = YES_ERROR;
				CLANG_WARN_EMPTY_BODY = YES;
				CLANG_WARN_ENUM_CONVERSION = YES;
				CLANG_WARN_INT_CONVERSION = YES;
				CLANG_WARN_OBJC_ROOT_CLASS = YES_ERROR;
				CLANG_WARN_UNREACHABLE_CODE = YES;
				CLANG_WARN__DUPLICATE_METHOD_MATCH = YES;
				"CODE_SIGN_IDENTITY[sdk=iphoneos*]" = "iPhone Developer";
				COPY_PHASE_STRIP = NO;
				DEBUG_INFORMATION_FORMAT = "dwarf-with-dsym";
				ENABLE_NS_ASSERTIONS = NO;
				ENABLE_STRICT_OBJC_MSGSEND = YES;
				GCC_C_LANGUAGE_STANDARD = gnu99;
				GCC_NO_COMMON_BLOCKS = YES;
				GCC_WARN_64_TO_32_BIT_CONVERSION = YES;
				GCC_WARN_ABOUT_RETURN_TYPE = YES_ERROR;
				GCC_WARN_UNDECLARED_SELECTOR = YES;
				GCC_WARN_UNINITIALIZED_AUTOS = YES_AGGRESSIVE;
				GCC_WARN_UNUSED_FUNCTION = YES;
				GCC_WARN_UNUSED_VARIABLE = YES;
				IPHONEOS_DEPLOYMENT_TARGET = 9.0;
				MTL_ENABLE_DEBUG_INFO = NO;
				SDKROOT = iphoneos;
				VALIDATE_PRODUCT = YES;
			};
			name = Release;
		};
		619096BA1BB3294B0038A781 /* Debug */ = {
			isa = XCBuildConfiguration;
			buildSettings = {
				ASSETCATALOG_COMPILER_APPICON_NAME = AppIcon;
				INFOPLIST_FILE = TipCalculator/Info.plist;
				LD_RUNPATH_SEARCH_PATHS = "$(inherited) @executable_path/Frameworks";
				PRODUCT_BUNDLE_IDENTIFIER = br.eti.fabricionogueira.TipCalculator;
				PRODUCT_NAME = "$(TARGET_NAME)";
			};
			name = Debug;
		};
		619096BB1BB3294B0038A781 /* Release */ = {
			isa = XCBuildConfiguration;
			buildSettings = {
				ASSETCATALOG_COMPILER_APPICON_NAME = AppIcon;
				INFOPLIST_FILE = TipCalculator/Info.plist;
				LD_RUNPATH_SEARCH_PATHS = "$(inherited) @executable_path/Frameworks";
				PRODUCT_BUNDLE_IDENTIFIER = br.eti.fabricionogueira.TipCalculator;
				PRODUCT_NAME = "$(TARGET_NAME)";
			};
			name = Release;
		};
/* End XCBuildConfiguration section */

/* Begin XCConfigurationList section */
		619096A21BB3294B0038A781 /* Build configuration list for PBXProject "TipCalculator" */ = {
			isa = XCConfigurationList;
			buildConfigurations = (
				619096B71BB3294B0038A781 /* Debug */,
				619096B81BB3294B0038A781 /* Release */,
			);
			defaultConfigurationIsVisible = 0;
			defaultConfigurationName = Release;
		};
		619096B91BB3294B0038A781 /* Build configuration list for PBXNativeTarget "TipCalculator" */ = {
			isa = XCConfigurationList;
			buildConfigurations = (
				619096BA1BB3294B0038A781 /* Debug */,
				619096BB1BB3294B0038A781 /* Release */,
			);
			defaultConfigurationIsVisible = 0;
		};
/* End XCConfigurationList section */
	};
	rootObject = 6190969F1BB3294B0038A781 /* Project object */;
}
